
Microsoft Visual Studio Solution File, Format Version 12.00
# Visual Studio Version 16
VisualStudioVersion = 16.0.31515.178
MinimumVisualStudioVersion = 10.0.40219.1
Project("{9A19103F-16F7-4668-BE54-9A1E7A4F7556}") = "CSharpDBDemo", "CSharpDBDemo\CSharpDBDemo.csproj", "{38FB4836-49C7-4E98-8E8A-8F9271808DE9}"
EndProject
Project("{9A19103F-16F7-4668-BE54-9A1E7A4F7556}") = "ExercisesADO-NET-Setup", "ExercisesADO-NET\ExercisesADO-NET-Setup.csproj", "{DA435D0B-F947-483E-A936-E77A1DE4355F}"
EndProject
Project("{9A19103F-16F7-4668-BE54-9A1E7A4F7556}") = "Exercise-VillainNames", "Exercise-VillainNames\Exercise-VillainNames.csproj", "{4F8F4F71-2BEB-48BE-BC23-D7E73F9CFE47}"
EndProject
Project("{9A19103F-16F7-4668-BE54-9A1E7A4F7556}") = "MinionNames", "MinionNames\MinionNames.csproj", "{B08B3FAE-2AAA-4F99-9A5E-52948846BD20}"
EndProject
Global
	GlobalSection(SolutionConfigurationPlatforms) = preSolution
		Debug|Any CPU = Debug|Any CPU
		Release|Any CPU = Release|Any CPU
	EndGlobalSection
	GlobalSection(ProjectConfigurationPlatforms) = postSolution
		{38FB4836-49C7-4E98-8E8A-8F9271808DE9}.Debug|Any CPU.ActiveCfg = Debug|Any CPU
		{38FB4836-49C7-4E98-8E8A-8F9271808DE9}.Debug|Any CPU.Build.0 = Debug|Any CPU
		{38FB4836-49C7-4E98-8E8A-8F9271808DE9}.Release|Any CPU.ActiveCfg = Release|Any CPU
		{38FB4836-49C7-4E98-8E8A-8F9271808DE9}.Release|Any CPU.Build.0 = Release|Any CPU
		{DA435D0B-F947-483E-A936-E77A1DE4355F}.Debug|Any CPU.ActiveCfg = Debug|Any CPU
		{DA435D0B-F947-483E-A936-E77A1DE4355F}.Debug|Any CPU.Build.0 = Debug|Any CPU
		{DA435D0B-F947-483E-A936-E77A1DE4355F}.Release|Any CPU.ActiveCfg = Release|Any CPU
		{DA435D0B-F947-483E-A936-E77A1DE4355F}.Release|Any CPU.Build.0 = Release|Any CPU
		{4F8F4F71-2BEB-48BE-BC23-D7E73F9CFE47}.Debug|Any CPU.ActiveCfg = Debug|Any CPU
		{4F8F4F71-2BEB-48BE-BC23-D7E73F9CFE47}.Debug|Any CPU.Build.0 = Debug|Any CPU
		{4F8F4F71-2BEB-48BE-BC23-D7E73F9CFE47}.Release|Any CPU.ActiveCfg = Release|Any CPU
		{4F8F4F71-2BEB-48BE-BC23-D7E73F9CFE47}.Release|Any CPU.Build.0 = Release|Any CPU
		{B08B3FAE-2AAA-4F99-9A5E-52948846BD20}.Debug|Any CPU.ActiveCfg = Debug|Any CPU
		{B08B3FAE-2AAA-4F99-9A5E-52948846BD20}.Debug|Any CPU.Build.0 = Debug|Any CPU
		{B08B3FAE-2AAA-4F99-9A5E-52948846BD20}.Release|Any CPU.ActiveCfg = Release|Any CPU
		{B08B3FAE-2AAA-4F99-9A5E-52948846BD20}.Release|Any CPU.Build.0 = Release|Any CPU
	EndGlobalSection
	GlobalSection(SolutionProperties) = preSolution
		HideSolutionNode = FALSE
	EndGlobalSection
	GlobalSection(ExtensibilityGlobals) = postSolution
		SolutionGuid = {E44ACECB-7CC5-4AD0-B1CF-AD2AC4AE60D8}
	EndGlobalSection
EndGlobal
